
Microsoft Visual Studio Solution File, Format Version 12.00
# Visual Studio Version 17
VisualStudioVersion = 17.0.31919.166
MinimumVisualStudioVersion = 10.0.40219.1
Project("{FAE04EC0-301F-11D3-BF4B-00C04F79EFBC}") = "陳國翔_Q7", "陳國翔_Q7\陳國翔_Q7.csproj", "{8CE6ECF9-F0D3-4384-B0C6-47C1FEDC8398}"
EndProject
Global
	GlobalSection(SolutionConfigurationPlatforms) = preSolution
		Debug|Any CPU = Debug|Any CPU
		Release|Any CPU = Release|Any CPU
	EndGlobalSection
	GlobalSection(ProjectConfigurationPlatforms) = postSolution
		{8CE6ECF9-F0D3-4384-B0C6-47C1FEDC8398}.Debug|Any CPU.ActiveCfg = Debug|Any CPU
		{8CE6ECF9-F0D3-4384-B0C6-47C1FEDC8398}.Debug|Any CPU.Build.0 = Debug|Any CPU
		{8CE6ECF9-F0D3-4384-B0C6-47C1FEDC8398}.Release|Any CPU.ActiveCfg = Release|Any CPU
		{8CE6ECF9-F0D3-4384-B0C6-47C1FEDC8398}.Release|Any CPU.Build.0 = Release|Any CPU
	EndGlobalSection
	GlobalSection(SolutionProperties) = preSolution
		HideSolutionNode = FALSE
	EndGlobalSection
	GlobalSection(ExtensibilityGlobals) = postSolution
		SolutionGuid = {A8EDBE8E-B3C1-46F9-863A-30DCD6F3AD4D}
	EndGlobalSection
EndGlobal
