
Microsoft Visual Studio Solution File, Format Version 12.00
# Visual Studio Version 17
VisualStudioVersion = 17.0.31919.166
MinimumVisualStudioVersion = 10.0.40219.1
Project("{FAE04EC0-301F-11D3-BF4B-00C04F79EFBC}") = "107-6", "107-6\107-6.csproj", "{D6481C51-4E08-43C5-8B32-1C7B735649FC}"
EndProject
Global
	GlobalSection(SolutionConfigurationPlatforms) = preSolution
		Debug|Any CPU = Debug|Any CPU
		Release|Any CPU = Release|Any CPU
	EndGlobalSection
	GlobalSection(ProjectConfigurationPlatforms) = postSolution
		{D6481C51-4E08-43C5-8B32-1C7B735649FC}.Debug|Any CPU.ActiveCfg = Debug|Any CPU
		{D6481C51-4E08-43C5-8B32-1C7B735649FC}.Debug|Any CPU.Build.0 = Debug|Any CPU
		{D6481C51-4E08-43C5-8B32-1C7B735649FC}.Release|Any CPU.ActiveCfg = Release|Any CPU
		{D6481C51-4E08-43C5-8B32-1C7B735649FC}.Release|Any CPU.Build.0 = Release|Any CPU
	EndGlobalSection
	GlobalSection(SolutionProperties) = preSolution
		HideSolutionNode = FALSE
	EndGlobalSection
	GlobalSection(ExtensibilityGlobals) = postSolution
		SolutionGuid = {F7AE5850-D1E1-4842-A484-AD48915F8CD7}
	EndGlobalSection
EndGlobal
