
Microsoft Visual Studio Solution File, Format Version 12.00
# Visual Studio Version 17
VisualStudioVersion = 17.10.35027.167
MinimumVisualStudioVersion = 10.0.40219.1
Project("{FAE04EC0-301F-11D3-BF4B-00C04F79EFBC}") = "112-6", "112-6.csproj", "{F7C33476-6994-4F2C-AF67-2B85F1C3DDDD}"
EndProject
Global
	GlobalSection(SolutionConfigurationPlatforms) = preSolution
		Debug|Any CPU = Debug|Any CPU
		Release|Any CPU = Release|Any CPU
	EndGlobalSection
	GlobalSection(ProjectConfigurationPlatforms) = postSolution
		{F7C33476-6994-4F2C-AF67-2B85F1C3DDDD}.Debug|Any CPU.ActiveCfg = Debug|Any CPU
		{F7C33476-6994-4F2C-AF67-2B85F1C3DDDD}.Debug|Any CPU.Build.0 = Debug|Any CPU
		{F7C33476-6994-4F2C-AF67-2B85F1C3DDDD}.Release|Any CPU.ActiveCfg = Release|Any CPU
		{F7C33476-6994-4F2C-AF67-2B85F1C3DDDD}.Release|Any CPU.Build.0 = Release|Any CPU
	EndGlobalSection
	GlobalSection(SolutionProperties) = preSolution
		HideSolutionNode = FALSE
	EndGlobalSection
	GlobalSection(ExtensibilityGlobals) = postSolution
		SolutionGuid = {812B33F2-4A4F-42EA-A1A7-D295D2542118}
	EndGlobalSection
EndGlobal
