
Microsoft Visual Studio Solution File, Format Version 12.00
# Visual Studio Version 17
VisualStudioVersion = 17.0.31919.166
MinimumVisualStudioVersion = 10.0.40219.1
Project("{FAE04EC0-301F-11D3-BF4B-00C04F79EFBC}") = "陳國翔_Q2", "陳國翔_Q2\陳國翔_Q2.csproj", "{843D9BF8-4CE4-4DB1-AEA4-7740852C816D}"
EndProject
Global
	GlobalSection(SolutionConfigurationPlatforms) = preSolution
		Debug|Any CPU = Debug|Any CPU
		Release|Any CPU = Release|Any CPU
	EndGlobalSection
	GlobalSection(ProjectConfigurationPlatforms) = postSolution
		{843D9BF8-4CE4-4DB1-AEA4-7740852C816D}.Debug|Any CPU.ActiveCfg = Debug|Any CPU
		{843D9BF8-4CE4-4DB1-AEA4-7740852C816D}.Debug|Any CPU.Build.0 = Debug|Any CPU
		{843D9BF8-4CE4-4DB1-AEA4-7740852C816D}.Release|Any CPU.ActiveCfg = Release|Any CPU
		{843D9BF8-4CE4-4DB1-AEA4-7740852C816D}.Release|Any CPU.Build.0 = Release|Any CPU
	EndGlobalSection
	GlobalSection(SolutionProperties) = preSolution
		HideSolutionNode = FALSE
	EndGlobalSection
	GlobalSection(ExtensibilityGlobals) = postSolution
		SolutionGuid = {D3E82A96-51A6-48B6-B31F-AE03E6E96CAC}
	EndGlobalSection
EndGlobal
