
Microsoft Visual Studio Solution File, Format Version 12.00
# Visual Studio Version 17
VisualStudioVersion = 17.0.31919.166
MinimumVisualStudioVersion = 10.0.40219.1
Project("{FAE04EC0-301F-11D3-BF4B-00C04F79EFBC}") = "陳國翔_Q5", "陳國翔_Q5\陳國翔_Q5.csproj", "{22D82A30-C7C4-4BFB-95E3-08900FF9C8F7}"
EndProject
Global
	GlobalSection(SolutionConfigurationPlatforms) = preSolution
		Debug|Any CPU = Debug|Any CPU
		Release|Any CPU = Release|Any CPU
	EndGlobalSection
	GlobalSection(ProjectConfigurationPlatforms) = postSolution
		{22D82A30-C7C4-4BFB-95E3-08900FF9C8F7}.Debug|Any CPU.ActiveCfg = Debug|Any CPU
		{22D82A30-C7C4-4BFB-95E3-08900FF9C8F7}.Debug|Any CPU.Build.0 = Debug|Any CPU
		{22D82A30-C7C4-4BFB-95E3-08900FF9C8F7}.Release|Any CPU.ActiveCfg = Release|Any CPU
		{22D82A30-C7C4-4BFB-95E3-08900FF9C8F7}.Release|Any CPU.Build.0 = Release|Any CPU
	EndGlobalSection
	GlobalSection(SolutionProperties) = preSolution
		HideSolutionNode = FALSE
	EndGlobalSection
	GlobalSection(ExtensibilityGlobals) = postSolution
		SolutionGuid = {FF3B814A-A7A2-414F-B9DE-19E6A1B30BEE}
	EndGlobalSection
EndGlobal
