
Microsoft Visual Studio Solution File, Format Version 12.00
# Visual Studio Version 17
VisualStudioVersion = 17.1.32210.238
MinimumVisualStudioVersion = 10.0.40219.1
Project("{FAE04EC0-301F-11D3-BF4B-00C04F79EFBC}") = "104-3", "104-3.csproj", "{FF297A25-262B-4D79-9A4A-9C6DE991435F}"
EndProject
Global
	GlobalSection(SolutionConfigurationPlatforms) = preSolution
		Debug|Any CPU = Debug|Any CPU
		Release|Any CPU = Release|Any CPU
	EndGlobalSection
	GlobalSection(ProjectConfigurationPlatforms) = postSolution
		{FF297A25-262B-4D79-9A4A-9C6DE991435F}.Debug|Any CPU.ActiveCfg = Debug|Any CPU
		{FF297A25-262B-4D79-9A4A-9C6DE991435F}.Debug|Any CPU.Build.0 = Debug|Any CPU
		{FF297A25-262B-4D79-9A4A-9C6DE991435F}.Release|Any CPU.ActiveCfg = Release|Any CPU
		{FF297A25-262B-4D79-9A4A-9C6DE991435F}.Release|Any CPU.Build.0 = Release|Any CPU
	EndGlobalSection
	GlobalSection(SolutionProperties) = preSolution
		HideSolutionNode = FALSE
	EndGlobalSection
	GlobalSection(ExtensibilityGlobals) = postSolution
		SolutionGuid = {9C92F4D1-B654-49F0-8695-EF63D6C830AE}
	EndGlobalSection
EndGlobal
