
Microsoft Visual Studio Solution File, Format Version 12.00
# Visual Studio Version 17
VisualStudioVersion = 17.0.31919.166
MinimumVisualStudioVersion = 10.0.40219.1
Project("{FAE04EC0-301F-11D3-BF4B-00C04F79EFBC}") = "109-5另解", "109-5另解\109-5另解.csproj", "{FFA67E68-61F4-48A7-ACBB-302E9EC97DD3}"
EndProject
Global
	GlobalSection(SolutionConfigurationPlatforms) = preSolution
		Debug|Any CPU = Debug|Any CPU
		Release|Any CPU = Release|Any CPU
	EndGlobalSection
	GlobalSection(ProjectConfigurationPlatforms) = postSolution
		{FFA67E68-61F4-48A7-ACBB-302E9EC97DD3}.Debug|Any CPU.ActiveCfg = Debug|Any CPU
		{FFA67E68-61F4-48A7-ACBB-302E9EC97DD3}.Debug|Any CPU.Build.0 = Debug|Any CPU
		{FFA67E68-61F4-48A7-ACBB-302E9EC97DD3}.Release|Any CPU.ActiveCfg = Release|Any CPU
		{FFA67E68-61F4-48A7-ACBB-302E9EC97DD3}.Release|Any CPU.Build.0 = Release|Any CPU
	EndGlobalSection
	GlobalSection(SolutionProperties) = preSolution
		HideSolutionNode = FALSE
	EndGlobalSection
	GlobalSection(ExtensibilityGlobals) = postSolution
		SolutionGuid = {D7B13B3E-A0D8-4BBC-9FD9-846A1BEB8A28}
	EndGlobalSection
EndGlobal
