
Microsoft Visual Studio Solution File, Format Version 12.00
# Visual Studio Version 17
VisualStudioVersion = 17.0.31919.166
MinimumVisualStudioVersion = 10.0.40219.1
Project("{FAE04EC0-301F-11D3-BF4B-00C04F79EFBC}") = "92-1", "92-1\92-1.csproj", "{49DE0225-E538-445D-834C-03E7B4DD4260}"
EndProject
Global
	GlobalSection(SolutionConfigurationPlatforms) = preSolution
		Debug|Any CPU = Debug|Any CPU
		Release|Any CPU = Release|Any CPU
	EndGlobalSection
	GlobalSection(ProjectConfigurationPlatforms) = postSolution
		{49DE0225-E538-445D-834C-03E7B4DD4260}.Debug|Any CPU.ActiveCfg = Debug|Any CPU
		{49DE0225-E538-445D-834C-03E7B4DD4260}.Debug|Any CPU.Build.0 = Debug|Any CPU
		{49DE0225-E538-445D-834C-03E7B4DD4260}.Release|Any CPU.ActiveCfg = Release|Any CPU
		{49DE0225-E538-445D-834C-03E7B4DD4260}.Release|Any CPU.Build.0 = Release|Any CPU
	EndGlobalSection
	GlobalSection(SolutionProperties) = preSolution
		HideSolutionNode = FALSE
	EndGlobalSection
	GlobalSection(ExtensibilityGlobals) = postSolution
		SolutionGuid = {27E429B3-97FA-43C8-B81D-9CAEB00D79CE}
	EndGlobalSection
EndGlobal
