
Microsoft Visual Studio Solution File, Format Version 12.00
# Visual Studio Version 17
VisualStudioVersion = 17.0.31919.166
MinimumVisualStudioVersion = 10.0.40219.1
Project("{FAE04EC0-301F-11D3-BF4B-00C04F79EFBC}") = "陳國翔_Q2", "陳國翔_Q2\陳國翔_Q2.csproj", "{A881F886-2CDD-4368-8C84-9FD26D5EC53A}"
EndProject
Global
	GlobalSection(SolutionConfigurationPlatforms) = preSolution
		Debug|Any CPU = Debug|Any CPU
		Release|Any CPU = Release|Any CPU
	EndGlobalSection
	GlobalSection(ProjectConfigurationPlatforms) = postSolution
		{A881F886-2CDD-4368-8C84-9FD26D5EC53A}.Debug|Any CPU.ActiveCfg = Debug|Any CPU
		{A881F886-2CDD-4368-8C84-9FD26D5EC53A}.Debug|Any CPU.Build.0 = Debug|Any CPU
		{A881F886-2CDD-4368-8C84-9FD26D5EC53A}.Release|Any CPU.ActiveCfg = Release|Any CPU
		{A881F886-2CDD-4368-8C84-9FD26D5EC53A}.Release|Any CPU.Build.0 = Release|Any CPU
	EndGlobalSection
	GlobalSection(SolutionProperties) = preSolution
		HideSolutionNode = FALSE
	EndGlobalSection
	GlobalSection(ExtensibilityGlobals) = postSolution
		SolutionGuid = {CE1C67D9-4585-4FB8-BBE1-A68D9880ECBE}
	EndGlobalSection
EndGlobal
