
Microsoft Visual Studio Solution File, Format Version 12.00
# Visual Studio Version 17
VisualStudioVersion = 17.0.31919.166
MinimumVisualStudioVersion = 10.0.40219.1
Project("{FAE04EC0-301F-11D3-BF4B-00C04F79EFBC}") = "陳國翔_Q5", "陳國翔_Q5\陳國翔_Q5.csproj", "{30BB4464-DCC1-45BE-A0AE-F5B073CAED9F}"
EndProject
Global
	GlobalSection(SolutionConfigurationPlatforms) = preSolution
		Debug|Any CPU = Debug|Any CPU
		Release|Any CPU = Release|Any CPU
	EndGlobalSection
	GlobalSection(ProjectConfigurationPlatforms) = postSolution
		{30BB4464-DCC1-45BE-A0AE-F5B073CAED9F}.Debug|Any CPU.ActiveCfg = Debug|Any CPU
		{30BB4464-DCC1-45BE-A0AE-F5B073CAED9F}.Debug|Any CPU.Build.0 = Debug|Any CPU
		{30BB4464-DCC1-45BE-A0AE-F5B073CAED9F}.Release|Any CPU.ActiveCfg = Release|Any CPU
		{30BB4464-DCC1-45BE-A0AE-F5B073CAED9F}.Release|Any CPU.Build.0 = Release|Any CPU
	EndGlobalSection
	GlobalSection(SolutionProperties) = preSolution
		HideSolutionNode = FALSE
	EndGlobalSection
	GlobalSection(ExtensibilityGlobals) = postSolution
		SolutionGuid = {9343C144-9476-481A-8E32-9040EC620A4C}
	EndGlobalSection
EndGlobal
