
Microsoft Visual Studio Solution File, Format Version 12.00
# Visual Studio Version 17
VisualStudioVersion = 17.3.32804.467
MinimumVisualStudioVersion = 10.0.40219.1
Project("{FAE04EC0-301F-11D3-BF4B-00C04F79EFBC}") = "陳國翔_Q1", "陳國翔_Q1\陳國翔_Q1.csproj", "{B0EB8910-D7F1-4210-AAC4-014A321BF52B}"
EndProject
Global
	GlobalSection(SolutionConfigurationPlatforms) = preSolution
		Debug|Any CPU = Debug|Any CPU
		Release|Any CPU = Release|Any CPU
	EndGlobalSection
	GlobalSection(ProjectConfigurationPlatforms) = postSolution
		{B0EB8910-D7F1-4210-AAC4-014A321BF52B}.Debug|Any CPU.ActiveCfg = Debug|Any CPU
		{B0EB8910-D7F1-4210-AAC4-014A321BF52B}.Debug|Any CPU.Build.0 = Debug|Any CPU
		{B0EB8910-D7F1-4210-AAC4-014A321BF52B}.Release|Any CPU.ActiveCfg = Release|Any CPU
		{B0EB8910-D7F1-4210-AAC4-014A321BF52B}.Release|Any CPU.Build.0 = Release|Any CPU
	EndGlobalSection
	GlobalSection(SolutionProperties) = preSolution
		HideSolutionNode = FALSE
	EndGlobalSection
	GlobalSection(ExtensibilityGlobals) = postSolution
		SolutionGuid = {B4AB05F6-FAA7-458F-B35D-C40156A431E3}
	EndGlobalSection
EndGlobal
