
Microsoft Visual Studio Solution File, Format Version 12.00
# Visual Studio Version 17
VisualStudioVersion = 17.0.31919.166
MinimumVisualStudioVersion = 10.0.40219.1
Project("{FAE04EC0-301F-11D3-BF4B-00C04F79EFBC}") = "103-2", "103-2\103-2.csproj", "{1AE34FC3-A1A6-4B7E-8D81-DAA187622F63}"
EndProject
Global
	GlobalSection(SolutionConfigurationPlatforms) = preSolution
		Debug|Any CPU = Debug|Any CPU
		Release|Any CPU = Release|Any CPU
	EndGlobalSection
	GlobalSection(ProjectConfigurationPlatforms) = postSolution
		{1AE34FC3-A1A6-4B7E-8D81-DAA187622F63}.Debug|Any CPU.ActiveCfg = Debug|Any CPU
		{1AE34FC3-A1A6-4B7E-8D81-DAA187622F63}.Debug|Any CPU.Build.0 = Debug|Any CPU
		{1AE34FC3-A1A6-4B7E-8D81-DAA187622F63}.Release|Any CPU.ActiveCfg = Release|Any CPU
		{1AE34FC3-A1A6-4B7E-8D81-DAA187622F63}.Release|Any CPU.Build.0 = Release|Any CPU
	EndGlobalSection
	GlobalSection(SolutionProperties) = preSolution
		HideSolutionNode = FALSE
	EndGlobalSection
	GlobalSection(ExtensibilityGlobals) = postSolution
		SolutionGuid = {17DEF7D4-960A-4B63-A02C-9366F1CC6EF7}
	EndGlobalSection
EndGlobal
