
Microsoft Visual Studio Solution File, Format Version 12.00
# Visual Studio Version 17
VisualStudioVersion = 17.0.31919.166
MinimumVisualStudioVersion = 10.0.40219.1
Project("{FAE04EC0-301F-11D3-BF4B-00C04F79EFBC}") = "陳國翔_Q4", "陳國翔_Q4\陳國翔_Q4.csproj", "{C79A9953-A527-4C4E-BC87-48BC97A0FE7F}"
EndProject
Global
	GlobalSection(SolutionConfigurationPlatforms) = preSolution
		Debug|Any CPU = Debug|Any CPU
		Release|Any CPU = Release|Any CPU
	EndGlobalSection
	GlobalSection(ProjectConfigurationPlatforms) = postSolution
		{C79A9953-A527-4C4E-BC87-48BC97A0FE7F}.Debug|Any CPU.ActiveCfg = Debug|Any CPU
		{C79A9953-A527-4C4E-BC87-48BC97A0FE7F}.Debug|Any CPU.Build.0 = Debug|Any CPU
		{C79A9953-A527-4C4E-BC87-48BC97A0FE7F}.Release|Any CPU.ActiveCfg = Release|Any CPU
		{C79A9953-A527-4C4E-BC87-48BC97A0FE7F}.Release|Any CPU.Build.0 = Release|Any CPU
	EndGlobalSection
	GlobalSection(SolutionProperties) = preSolution
		HideSolutionNode = FALSE
	EndGlobalSection
	GlobalSection(ExtensibilityGlobals) = postSolution
		SolutionGuid = {90308C1F-7232-442B-B5A0-2B103CE00DEF}
	EndGlobalSection
EndGlobal
