
Microsoft Visual Studio Solution File, Format Version 12.00
# Visual Studio Version 17
VisualStudioVersion = 17.0.32112.339
MinimumVisualStudioVersion = 10.0.40219.1
Project("{FAE04EC0-301F-11D3-BF4B-00C04F79EFBC}") = "109-5", "109-5\109-5.csproj", "{3358E275-63A4-4B3F-AD77-EEAC2459D87E}"
EndProject
Global
	GlobalSection(SolutionConfigurationPlatforms) = preSolution
		Debug|Any CPU = Debug|Any CPU
		Release|Any CPU = Release|Any CPU
	EndGlobalSection
	GlobalSection(ProjectConfigurationPlatforms) = postSolution
		{3358E275-63A4-4B3F-AD77-EEAC2459D87E}.Debug|Any CPU.ActiveCfg = Debug|Any CPU
		{3358E275-63A4-4B3F-AD77-EEAC2459D87E}.Debug|Any CPU.Build.0 = Debug|Any CPU
		{3358E275-63A4-4B3F-AD77-EEAC2459D87E}.Release|Any CPU.ActiveCfg = Release|Any CPU
		{3358E275-63A4-4B3F-AD77-EEAC2459D87E}.Release|Any CPU.Build.0 = Release|Any CPU
	EndGlobalSection
	GlobalSection(SolutionProperties) = preSolution
		HideSolutionNode = FALSE
	EndGlobalSection
	GlobalSection(ExtensibilityGlobals) = postSolution
		SolutionGuid = {286FCB28-B108-4657-8D8A-E1ED95097B71}
	EndGlobalSection
EndGlobal
