
Microsoft Visual Studio Solution File, Format Version 12.00
# Visual Studio Version 17
VisualStudioVersion = 17.1.32328.378
MinimumVisualStudioVersion = 10.0.40219.1
Project("{FAE04EC0-301F-11D3-BF4B-00C04F79EFBC}") = "105-2", "105-2.csproj", "{D1600DEF-72B6-41C2-B5EB-1F68C4DC3BD1}"
EndProject
Global
	GlobalSection(SolutionConfigurationPlatforms) = preSolution
		Debug|Any CPU = Debug|Any CPU
		Release|Any CPU = Release|Any CPU
	EndGlobalSection
	GlobalSection(ProjectConfigurationPlatforms) = postSolution
		{D1600DEF-72B6-41C2-B5EB-1F68C4DC3BD1}.Debug|Any CPU.ActiveCfg = Debug|Any CPU
		{D1600DEF-72B6-41C2-B5EB-1F68C4DC3BD1}.Debug|Any CPU.Build.0 = Debug|Any CPU
		{D1600DEF-72B6-41C2-B5EB-1F68C4DC3BD1}.Release|Any CPU.ActiveCfg = Release|Any CPU
		{D1600DEF-72B6-41C2-B5EB-1F68C4DC3BD1}.Release|Any CPU.Build.0 = Release|Any CPU
	EndGlobalSection
	GlobalSection(SolutionProperties) = preSolution
		HideSolutionNode = FALSE
	EndGlobalSection
	GlobalSection(ExtensibilityGlobals) = postSolution
		SolutionGuid = {B4B018EA-26AC-40A0-95D7-E81B04F86201}
	EndGlobalSection
EndGlobal
