
Microsoft Visual Studio Solution File, Format Version 12.00
# Visual Studio Version 17
VisualStudioVersion = 17.0.31919.166
MinimumVisualStudioVersion = 10.0.40219.1
Project("{FAE04EC0-301F-11D3-BF4B-00C04F79EFBC}") = "93-7", "93-7\93-7.csproj", "{419DB14C-3624-495A-A966-E9E2B23918DB}"
EndProject
Global
	GlobalSection(SolutionConfigurationPlatforms) = preSolution
		Debug|Any CPU = Debug|Any CPU
		Release|Any CPU = Release|Any CPU
	EndGlobalSection
	GlobalSection(ProjectConfigurationPlatforms) = postSolution
		{419DB14C-3624-495A-A966-E9E2B23918DB}.Debug|Any CPU.ActiveCfg = Debug|Any CPU
		{419DB14C-3624-495A-A966-E9E2B23918DB}.Debug|Any CPU.Build.0 = Debug|Any CPU
		{419DB14C-3624-495A-A966-E9E2B23918DB}.Release|Any CPU.ActiveCfg = Release|Any CPU
		{419DB14C-3624-495A-A966-E9E2B23918DB}.Release|Any CPU.Build.0 = Release|Any CPU
	EndGlobalSection
	GlobalSection(SolutionProperties) = preSolution
		HideSolutionNode = FALSE
	EndGlobalSection
	GlobalSection(ExtensibilityGlobals) = postSolution
		SolutionGuid = {7E5F8A7D-E1CD-4C41-95E0-0DBA814AED3A}
	EndGlobalSection
EndGlobal
