
Microsoft Visual Studio Solution File, Format Version 12.00
# Visual Studio Version 17
VisualStudioVersion = 17.0.31919.166
MinimumVisualStudioVersion = 10.0.40219.1
Project("{FAE04EC0-301F-11D3-BF4B-00C04F79EFBC}") = "109-6另解", "109-6另解\109-6另解.csproj", "{7655BB05-66AA-4E42-9854-C6BCA91CA1FF}"
EndProject
Global
	GlobalSection(SolutionConfigurationPlatforms) = preSolution
		Debug|Any CPU = Debug|Any CPU
		Release|Any CPU = Release|Any CPU
	EndGlobalSection
	GlobalSection(ProjectConfigurationPlatforms) = postSolution
		{7655BB05-66AA-4E42-9854-C6BCA91CA1FF}.Debug|Any CPU.ActiveCfg = Debug|Any CPU
		{7655BB05-66AA-4E42-9854-C6BCA91CA1FF}.Debug|Any CPU.Build.0 = Debug|Any CPU
		{7655BB05-66AA-4E42-9854-C6BCA91CA1FF}.Release|Any CPU.ActiveCfg = Release|Any CPU
		{7655BB05-66AA-4E42-9854-C6BCA91CA1FF}.Release|Any CPU.Build.0 = Release|Any CPU
	EndGlobalSection
	GlobalSection(SolutionProperties) = preSolution
		HideSolutionNode = FALSE
	EndGlobalSection
	GlobalSection(ExtensibilityGlobals) = postSolution
		SolutionGuid = {BBA4D928-6F57-4EE3-9FBF-4AFBCEEF24AC}
	EndGlobalSection
EndGlobal
