
Microsoft Visual Studio Solution File, Format Version 12.00
# Visual Studio Version 17
VisualStudioVersion = 17.1.32328.378
MinimumVisualStudioVersion = 10.0.40219.1
Project("{FAE04EC0-301F-11D3-BF4B-00C04F79EFBC}") = "103-3", "103-3.csproj", "{398FB8C9-DD5F-4EAD-BEB2-82AE8585F2FB}"
EndProject
Global
	GlobalSection(SolutionConfigurationPlatforms) = preSolution
		Debug|Any CPU = Debug|Any CPU
		Release|Any CPU = Release|Any CPU
	EndGlobalSection
	GlobalSection(ProjectConfigurationPlatforms) = postSolution
		{398FB8C9-DD5F-4EAD-BEB2-82AE8585F2FB}.Debug|Any CPU.ActiveCfg = Debug|Any CPU
		{398FB8C9-DD5F-4EAD-BEB2-82AE8585F2FB}.Debug|Any CPU.Build.0 = Debug|Any CPU
		{398FB8C9-DD5F-4EAD-BEB2-82AE8585F2FB}.Release|Any CPU.ActiveCfg = Release|Any CPU
		{398FB8C9-DD5F-4EAD-BEB2-82AE8585F2FB}.Release|Any CPU.Build.0 = Release|Any CPU
	EndGlobalSection
	GlobalSection(SolutionProperties) = preSolution
		HideSolutionNode = FALSE
	EndGlobalSection
	GlobalSection(ExtensibilityGlobals) = postSolution
		SolutionGuid = {5FA8F763-7ABC-4FB0-8BB7-60396F5B9DB9}
	EndGlobalSection
EndGlobal
