
Microsoft Visual Studio Solution File, Format Version 12.00
# Visual Studio Version 17
VisualStudioVersion = 17.3.32804.467
MinimumVisualStudioVersion = 10.0.40219.1
Project("{FAE04EC0-301F-11D3-BF4B-00C04F79EFBC}") = "路徑", "路徑\路徑.csproj", "{FF8C0371-C950-496B-AA92-FFEBE67125EF}"
EndProject
Global
	GlobalSection(SolutionConfigurationPlatforms) = preSolution
		Debug|Any CPU = Debug|Any CPU
		Release|Any CPU = Release|Any CPU
	EndGlobalSection
	GlobalSection(ProjectConfigurationPlatforms) = postSolution
		{FF8C0371-C950-496B-AA92-FFEBE67125EF}.Debug|Any CPU.ActiveCfg = Debug|Any CPU
		{FF8C0371-C950-496B-AA92-FFEBE67125EF}.Debug|Any CPU.Build.0 = Debug|Any CPU
		{FF8C0371-C950-496B-AA92-FFEBE67125EF}.Release|Any CPU.ActiveCfg = Release|Any CPU
		{FF8C0371-C950-496B-AA92-FFEBE67125EF}.Release|Any CPU.Build.0 = Release|Any CPU
	EndGlobalSection
	GlobalSection(SolutionProperties) = preSolution
		HideSolutionNode = FALSE
	EndGlobalSection
	GlobalSection(ExtensibilityGlobals) = postSolution
		SolutionGuid = {FA1F1625-3837-4487-9C28-7BF27DB004CA}
	EndGlobalSection
EndGlobal
