
Microsoft Visual Studio Solution File, Format Version 12.00
# Visual Studio Version 17
VisualStudioVersion = 17.3.32804.467
MinimumVisualStudioVersion = 10.0.40219.1
Project("{FAE04EC0-301F-11D3-BF4B-00C04F79EFBC}") = "陳國翔_Q1", "陳國翔_Q1\陳國翔_Q1.csproj", "{D134698E-BD98-40E6-A7A2-C5D2A490DBBE}"
EndProject
Global
	GlobalSection(SolutionConfigurationPlatforms) = preSolution
		Debug|Any CPU = Debug|Any CPU
		Release|Any CPU = Release|Any CPU
	EndGlobalSection
	GlobalSection(ProjectConfigurationPlatforms) = postSolution
		{D134698E-BD98-40E6-A7A2-C5D2A490DBBE}.Debug|Any CPU.ActiveCfg = Debug|Any CPU
		{D134698E-BD98-40E6-A7A2-C5D2A490DBBE}.Debug|Any CPU.Build.0 = Debug|Any CPU
		{D134698E-BD98-40E6-A7A2-C5D2A490DBBE}.Release|Any CPU.ActiveCfg = Release|Any CPU
		{D134698E-BD98-40E6-A7A2-C5D2A490DBBE}.Release|Any CPU.Build.0 = Release|Any CPU
	EndGlobalSection
	GlobalSection(SolutionProperties) = preSolution
		HideSolutionNode = FALSE
	EndGlobalSection
	GlobalSection(ExtensibilityGlobals) = postSolution
		SolutionGuid = {C51B521D-6F64-45CD-ABB8-F29A39E96E6D}
	EndGlobalSection
EndGlobal
