
Microsoft Visual Studio Solution File, Format Version 12.00
# Visual Studio Version 17
VisualStudioVersion = 17.0.31919.166
MinimumVisualStudioVersion = 10.0.40219.1
Project("{FAE04EC0-301F-11D3-BF4B-00C04F79EFBC}") = "105-3", "105-3\105-3.csproj", "{968B7BA6-3B63-42E1-B8B2-6C1CB029810D}"
EndProject
Global
	GlobalSection(SolutionConfigurationPlatforms) = preSolution
		Debug|Any CPU = Debug|Any CPU
		Release|Any CPU = Release|Any CPU
	EndGlobalSection
	GlobalSection(ProjectConfigurationPlatforms) = postSolution
		{968B7BA6-3B63-42E1-B8B2-6C1CB029810D}.Debug|Any CPU.ActiveCfg = Debug|Any CPU
		{968B7BA6-3B63-42E1-B8B2-6C1CB029810D}.Debug|Any CPU.Build.0 = Debug|Any CPU
		{968B7BA6-3B63-42E1-B8B2-6C1CB029810D}.Release|Any CPU.ActiveCfg = Release|Any CPU
		{968B7BA6-3B63-42E1-B8B2-6C1CB029810D}.Release|Any CPU.Build.0 = Release|Any CPU
	EndGlobalSection
	GlobalSection(SolutionProperties) = preSolution
		HideSolutionNode = FALSE
	EndGlobalSection
	GlobalSection(ExtensibilityGlobals) = postSolution
		SolutionGuid = {313EF211-06AE-4900-BED5-5F8BF367FED2}
	EndGlobalSection
EndGlobal
