
Microsoft Visual Studio Solution File, Format Version 12.00
# Visual Studio Version 17
VisualStudioVersion = 17.1.32210.238
MinimumVisualStudioVersion = 10.0.40219.1
Project("{FAE04EC0-301F-11D3-BF4B-00C04F79EFBC}") = "106-6", "106-6\106-6.csproj", "{FC2537AC-2C44-40CB-B86E-E1F867C0AF2B}"
EndProject
Global
	GlobalSection(SolutionConfigurationPlatforms) = preSolution
		Debug|Any CPU = Debug|Any CPU
		Release|Any CPU = Release|Any CPU
	EndGlobalSection
	GlobalSection(ProjectConfigurationPlatforms) = postSolution
		{FC2537AC-2C44-40CB-B86E-E1F867C0AF2B}.Debug|Any CPU.ActiveCfg = Debug|Any CPU
		{FC2537AC-2C44-40CB-B86E-E1F867C0AF2B}.Debug|Any CPU.Build.0 = Debug|Any CPU
		{FC2537AC-2C44-40CB-B86E-E1F867C0AF2B}.Release|Any CPU.ActiveCfg = Release|Any CPU
		{FC2537AC-2C44-40CB-B86E-E1F867C0AF2B}.Release|Any CPU.Build.0 = Release|Any CPU
	EndGlobalSection
	GlobalSection(SolutionProperties) = preSolution
		HideSolutionNode = FALSE
	EndGlobalSection
	GlobalSection(ExtensibilityGlobals) = postSolution
		SolutionGuid = {EAEDBD4D-8CBE-494A-A5A5-828CBD96336E}
	EndGlobalSection
EndGlobal
